
Microsoft Visual Studio Solution File, Format Version 12.00
# Visual Studio Version 17
VisualStudioVersion = 17.6.33829.357
MinimumVisualStudioVersion = 10.0.40219.1
Project("{9A19103F-16F7-4668-BE54-9A1E7A4F7556}") = "WebApiProject", "WebApiProject\WebApiProject.csproj", "{40502073-438E-4B87-86B8-2DC961E1A707}"
EndProject
Project("{FAE04EC0-301F-11D3-BF4B-00C04F79EFBC}") = "Entities", "Entities\Entities.csproj", "{1A657DF2-72C7-4084-8404-939772D1265B}"
EndProject
Project("{FAE04EC0-301F-11D3-BF4B-00C04F79EFBC}") = "Services", "Services\Services.csproj", "{EE18BB9E-6F67-4A86-B6AC-B99FA2DE1F56}"
EndProject
Project("{FAE04EC0-301F-11D3-BF4B-00C04F79EFBC}") = "Repository", "Resorces\Repository.csproj", "{788C5765-4E55-4B78-BA88-749859E5BCF0}"
EndProject
Global
	GlobalSection(SolutionConfigurationPlatforms) = preSolution
		Debug|Any CPU = Debug|Any CPU
		Release|Any CPU = Release|Any CPU
	EndGlobalSection
	GlobalSection(ProjectConfigurationPlatforms) = postSolution
		{40502073-438E-4B87-86B8-2DC961E1A707}.Debug|Any CPU.ActiveCfg = Debug|Any CPU
		{40502073-438E-4B87-86B8-2DC961E1A707}.Debug|Any CPU.Build.0 = Debug|Any CPU
		{40502073-438E-4B87-86B8-2DC961E1A707}.Release|Any CPU.ActiveCfg = Release|Any CPU
		{40502073-438E-4B87-86B8-2DC961E1A707}.Release|Any CPU.Build.0 = Release|Any CPU
		{1A657DF2-72C7-4084-8404-939772D1265B}.Debug|Any CPU.ActiveCfg = Debug|Any CPU
		{1A657DF2-72C7-4084-8404-939772D1265B}.Debug|Any CPU.Build.0 = Debug|Any CPU
		{1A657DF2-72C7-4084-8404-939772D1265B}.Release|Any CPU.ActiveCfg = Release|Any CPU
		{1A657DF2-72C7-4084-8404-939772D1265B}.Release|Any CPU.Build.0 = Release|Any CPU
		{EE18BB9E-6F67-4A86-B6AC-B99FA2DE1F56}.Debug|Any CPU.ActiveCfg = Debug|Any CPU
		{EE18BB9E-6F67-4A86-B6AC-B99FA2DE1F56}.Debug|Any CPU.Build.0 = Debug|Any CPU
		{EE18BB9E-6F67-4A86-B6AC-B99FA2DE1F56}.Release|Any CPU.ActiveCfg = Release|Any CPU
		{EE18BB9E-6F67-4A86-B6AC-B99FA2DE1F56}.Release|Any CPU.Build.0 = Release|Any CPU
		{788C5765-4E55-4B78-BA88-749859E5BCF0}.Debug|Any CPU.ActiveCfg = Debug|Any CPU
		{788C5765-4E55-4B78-BA88-749859E5BCF0}.Debug|Any CPU.Build.0 = Debug|Any CPU
		{788C5765-4E55-4B78-BA88-749859E5BCF0}.Release|Any CPU.ActiveCfg = Release|Any CPU
		{788C5765-4E55-4B78-BA88-749859E5BCF0}.Release|Any CPU.Build.0 = Release|Any CPU
	EndGlobalSection
	GlobalSection(SolutionProperties) = preSolution
		HideSolutionNode = FALSE
	EndGlobalSection
	GlobalSection(ExtensibilityGlobals) = postSolution
		SolutionGuid = {B22C3E41-97ED-4EFD-9D85-0673C7B04664}
	EndGlobalSection
EndGlobal
